
Microsoft Visual Studio Solution File, Format Version 12.00
# Visual Studio Version 17
VisualStudioVersion = 17.7.34031.279
MinimumVisualStudioVersion = 10.0.40219.1
Project("{FAE04EC0-301F-11D3-BF4B-00C04F79EFBC}") = "Health Manager.Android", "Health Manager\Health Manager.Android\Health Manager.Android.csproj", "{2E073CC5-26F1-4E03-9A64-039CB1E962D0}"
EndProject
Project("{FAE04EC0-301F-11D3-BF4B-00C04F79EFBC}") = "Health Manager", "Health Manager\Health Manager\Health Manager.csproj", "{F3BA8659-A5B5-4E61-A2AD-8C91846DB251}"
EndProject
Global
	GlobalSection(SolutionConfigurationPlatforms) = preSolution
		Debug|Any CPU = Debug|Any CPU
		Release|Any CPU = Release|Any CPU
	EndGlobalSection
	GlobalSection(ProjectConfigurationPlatforms) = postSolution
		{2E073CC5-26F1-4E03-9A64-039CB1E962D0}.Debug|Any CPU.ActiveCfg = Debug|Any CPU
		{2E073CC5-26F1-4E03-9A64-039CB1E962D0}.Debug|Any CPU.Build.0 = Debug|Any CPU
		{2E073CC5-26F1-4E03-9A64-039CB1E962D0}.Debug|Any CPU.Deploy.0 = Debug|Any CPU
		{2E073CC5-26F1-4E03-9A64-039CB1E962D0}.Release|Any CPU.ActiveCfg = Release|Any CPU
		{2E073CC5-26F1-4E03-9A64-039CB1E962D0}.Release|Any CPU.Build.0 = Release|Any CPU
		{2E073CC5-26F1-4E03-9A64-039CB1E962D0}.Release|Any CPU.Deploy.0 = Release|Any CPU
		{F3BA8659-A5B5-4E61-A2AD-8C91846DB251}.Debug|Any CPU.ActiveCfg = Debug|Any CPU
		{F3BA8659-A5B5-4E61-A2AD-8C91846DB251}.Debug|Any CPU.Build.0 = Debug|Any CPU
		{F3BA8659-A5B5-4E61-A2AD-8C91846DB251}.Debug|Any CPU.Deploy.0 = Debug|Any CPU
		{F3BA8659-A5B5-4E61-A2AD-8C91846DB251}.Release|Any CPU.ActiveCfg = Release|Any CPU
		{F3BA8659-A5B5-4E61-A2AD-8C91846DB251}.Release|Any CPU.Build.0 = Release|Any CPU
		{F3BA8659-A5B5-4E61-A2AD-8C91846DB251}.Release|Any CPU.Deploy.0 = Release|Any CPU
	EndGlobalSection
	GlobalSection(SolutionProperties) = preSolution
		HideSolutionNode = FALSE
	EndGlobalSection
	GlobalSection(ExtensibilityGlobals) = postSolution
		SolutionGuid = {4BA9DF67-5099-4579-BE4F-CFBE94757E5C}
	EndGlobalSection
EndGlobal
